
Microsoft Visual Studio Solution File, Format Version 12.00
# Visual Studio Version 17
VisualStudioVersion = 17.12.35707.178 d17.12
MinimumVisualStudioVersion = 10.0.40219.1
Project("{FAE04EC0-301F-11D3-BF4B-00C04F79EFBC}") = "Builder", "Builder and Dependency injection\Builder.csproj", "{39FFAB93-1E27-4433-B11E-99D25F66149B}"
EndProject
Project("{FAE04EC0-301F-11D3-BF4B-00C04F79EFBC}") = "Dependency injection", "Dependency injection\Dependency injection.csproj", "{67071B19-F2B6-4CB9-BC0B-C3284C830C29}"
EndProject
Global
	GlobalSection(SolutionConfigurationPlatforms) = preSolution
		Debug|Any CPU = Debug|Any CPU
		Release|Any CPU = Release|Any CPU
	EndGlobalSection
	GlobalSection(ProjectConfigurationPlatforms) = postSolution
		{39FFAB93-1E27-4433-B11E-99D25F66149B}.Debug|Any CPU.ActiveCfg = Debug|Any CPU
		{39FFAB93-1E27-4433-B11E-99D25F66149B}.Debug|Any CPU.Build.0 = Debug|Any CPU
		{39FFAB93-1E27-4433-B11E-99D25F66149B}.Release|Any CPU.ActiveCfg = Release|Any CPU
		{39FFAB93-1E27-4433-B11E-99D25F66149B}.Release|Any CPU.Build.0 = Release|Any CPU
		{67071B19-F2B6-4CB9-BC0B-C3284C830C29}.Debug|Any CPU.ActiveCfg = Debug|Any CPU
		{67071B19-F2B6-4CB9-BC0B-C3284C830C29}.Debug|Any CPU.Build.0 = Debug|Any CPU
		{67071B19-F2B6-4CB9-BC0B-C3284C830C29}.Release|Any CPU.ActiveCfg = Release|Any CPU
		{67071B19-F2B6-4CB9-BC0B-C3284C830C29}.Release|Any CPU.Build.0 = Release|Any CPU
	EndGlobalSection
	GlobalSection(SolutionProperties) = preSolution
		HideSolutionNode = FALSE
	EndGlobalSection
EndGlobal
